
Microsoft Visual Studio Solution File, Format Version 12.00
# Visual Studio Version 17
VisualStudioVersion = 17.1.32328.378
MinimumVisualStudioVersion = 10.0.40219.1
Project("{2150E333-8FDC-42A3-9474-1A3956D46DE8}") = "01.Catalog", "01.Catalog", "{C1DA1548-FE6A-4A5C-A855-FEF10D37EA77}"
EndProject
Project("{2150E333-8FDC-42A3-9474-1A3956D46DE8}") = "01.Api", "01.Api", "{B4F63BE0-4190-463B-84A9-647EEDF08B75}"
EndProject
Project("{2150E333-8FDC-42A3-9474-1A3956D46DE8}") = "02.Aplication", "02.Aplication", "{16449E0C-A95D-442E-AC17-DE79DE3DAE58}"
EndProject
Project("{2150E333-8FDC-42A3-9474-1A3956D46DE8}") = "03.Domain", "03.Domain", "{63211402-9145-4515-8904-31318DBDB2D0}"
EndProject
Project("{2150E333-8FDC-42A3-9474-1A3956D46DE8}") = "04.Infrastructure", "04.Infrastructure", "{6896795A-7BB2-4D5E-820D-54EF3E4D9FAD}"
EndProject
Project("{9A19103F-16F7-4668-BE54-9A1E7A4F7556}") = "Quala.ProductManagement.API", "Quala.ProductManagement.API\Quala.ProductManagement.API.csproj", "{671F6F1D-9824-47EF-ACD5-2FE664F5D753}"
EndProject
Project("{9A19103F-16F7-4668-BE54-9A1E7A4F7556}") = "Catalog.Domain", "ProductManagement.Domain\Catalog.Domain.csproj", "{0A704A8B-60F0-44A7-9521-DDAE2E4B060C}"
EndProject
Project("{2150E333-8FDC-42A3-9474-1A3956D46DE8}") = "03.DependencyInjection", "03.DependencyInjection", "{11D98C40-395E-44AE-B513-7ADF30034AFF}"
EndProject
Project("{9A19103F-16F7-4668-BE54-9A1E7A4F7556}") = "Catalog.Infrastructure", "ProductManagement.Infrastructure\Catalog.Infrastructure.csproj", "{FDA5B5D0-8607-41D1-821F-F47D10D1DBC6}"
EndProject
Project("{2150E333-8FDC-42A3-9474-1A3956D46DE8}") = "01.Query", "01.Query", "{C39DE704-F4C6-4905-A726-D455DA58F6D9}"
EndProject
Project("{2150E333-8FDC-42A3-9474-1A3956D46DE8}") = "02.EventHandlers", "02.EventHandlers", "{C24D6CE8-A6F4-4946-800F-F6C82646AF68}"
EndProject
Project("{9A19103F-16F7-4668-BE54-9A1E7A4F7556}") = "Catalog.QueriesService", "ProductManagement.catalog.Queries\Catalog.QueriesService.csproj", "{2AE1816F-B6F5-469D-A5A7-050A5FBB2C6B}"
EndProject
Project("{2150E333-8FDC-42A3-9474-1A3956D46DE8}") = "02.Common", "02.Common", "{F7ADEA42-10E9-4516-A2AA-1EE308D98193}"
EndProject
Project("{9A19103F-16F7-4668-BE54-9A1E7A4F7556}") = "ProductManagement.Common.Collection", "ProductManagement.Common.Collection\ProductManagement.Common.Collection.csproj", "{00F6C9B8-4AD0-41C3-8409-5B039216E982}"
EndProject
Project("{9A19103F-16F7-4668-BE54-9A1E7A4F7556}") = "ProductManagement.Common.Paging", "ProductManagement.Common.Paging\ProductManagement.Common.Paging.csproj", "{DD68F41B-5A47-45CB-9D2D-890FE7A5890D}"
EndProject
Project("{9A19103F-16F7-4668-BE54-9A1E7A4F7556}") = "Catalog.AplicationDI", "Catalog.AplicationDI\Catalog.AplicationDI.csproj", "{6150894F-95DE-4754-BE9B-A451AEC713AB}"
EndProject
Project("{9A19103F-16F7-4668-BE54-9A1E7A4F7556}") = "ProductManagement.Common.Mapping", "ProductManagement.Common.Mapping\ProductManagement.Common.Mapping.csproj", "{A4BF7226-8B2E-4DF1-998A-6FA58DAC62E6}"
EndProject
Project("{9A19103F-16F7-4668-BE54-9A1E7A4F7556}") = "Catalog.EventHadlers", "Catalog.EventHadlers\Catalog.EventHadlers.csproj", "{3810178D-814F-4AFF-B1DD-4D4DE6697808}"
EndProject
Project("{2150E333-8FDC-42A3-9474-1A3956D46DE8}") = "04.Mappings", "04.Mappings", "{B09F99D9-EDEE-4CDB-9A4F-C602E4B550F9}"
EndProject
Project("{9A19103F-16F7-4668-BE54-9A1E7A4F7556}") = "Catalog.Aplication.Mapping", "Catalog.Aplication.Mapping\Catalog.Aplication.Mapping.csproj", "{66D6F3BF-CA3D-4833-B943-03A813661990}"
EndProject
Project("{2150E333-8FDC-42A3-9474-1A3956D46DE8}") = "05.Test", "05.Test", "{65A54358-7C69-4745-8F92-293E225BC0A6}"
EndProject
Project("{9A19103F-16F7-4668-BE54-9A1E7A4F7556}") = "Catalog.Quala.ProductManagement.API.Test", "Catalog.Quala.ProductManagement.API.Test\Catalog.Quala.ProductManagement.API.Test.csproj", "{F07A1A50-1C88-4D51-A440-35F240F04522}"
EndProject
Global
	GlobalSection(SolutionConfigurationPlatforms) = preSolution
		Debug|Any CPU = Debug|Any CPU
		Release|Any CPU = Release|Any CPU
	EndGlobalSection
	GlobalSection(ProjectConfigurationPlatforms) = postSolution
		{671F6F1D-9824-47EF-ACD5-2FE664F5D753}.Debug|Any CPU.ActiveCfg = Debug|Any CPU
		{671F6F1D-9824-47EF-ACD5-2FE664F5D753}.Debug|Any CPU.Build.0 = Debug|Any CPU
		{671F6F1D-9824-47EF-ACD5-2FE664F5D753}.Release|Any CPU.ActiveCfg = Release|Any CPU
		{671F6F1D-9824-47EF-ACD5-2FE664F5D753}.Release|Any CPU.Build.0 = Release|Any CPU
		{0A704A8B-60F0-44A7-9521-DDAE2E4B060C}.Debug|Any CPU.ActiveCfg = Debug|Any CPU
		{0A704A8B-60F0-44A7-9521-DDAE2E4B060C}.Debug|Any CPU.Build.0 = Debug|Any CPU
		{0A704A8B-60F0-44A7-9521-DDAE2E4B060C}.Release|Any CPU.ActiveCfg = Release|Any CPU
		{0A704A8B-60F0-44A7-9521-DDAE2E4B060C}.Release|Any CPU.Build.0 = Release|Any CPU
		{FDA5B5D0-8607-41D1-821F-F47D10D1DBC6}.Debug|Any CPU.ActiveCfg = Debug|Any CPU
		{FDA5B5D0-8607-41D1-821F-F47D10D1DBC6}.Debug|Any CPU.Build.0 = Debug|Any CPU
		{FDA5B5D0-8607-41D1-821F-F47D10D1DBC6}.Release|Any CPU.ActiveCfg = Release|Any CPU
		{FDA5B5D0-8607-41D1-821F-F47D10D1DBC6}.Release|Any CPU.Build.0 = Release|Any CPU
		{2AE1816F-B6F5-469D-A5A7-050A5FBB2C6B}.Debug|Any CPU.ActiveCfg = Debug|Any CPU
		{2AE1816F-B6F5-469D-A5A7-050A5FBB2C6B}.Debug|Any CPU.Build.0 = Debug|Any CPU
		{2AE1816F-B6F5-469D-A5A7-050A5FBB2C6B}.Release|Any CPU.ActiveCfg = Release|Any CPU
		{2AE1816F-B6F5-469D-A5A7-050A5FBB2C6B}.Release|Any CPU.Build.0 = Release|Any CPU
		{00F6C9B8-4AD0-41C3-8409-5B039216E982}.Debug|Any CPU.ActiveCfg = Debug|Any CPU
		{00F6C9B8-4AD0-41C3-8409-5B039216E982}.Debug|Any CPU.Build.0 = Debug|Any CPU
		{00F6C9B8-4AD0-41C3-8409-5B039216E982}.Release|Any CPU.ActiveCfg = Release|Any CPU
		{00F6C9B8-4AD0-41C3-8409-5B039216E982}.Release|Any CPU.Build.0 = Release|Any CPU
		{DD68F41B-5A47-45CB-9D2D-890FE7A5890D}.Debug|Any CPU.ActiveCfg = Debug|Any CPU
		{DD68F41B-5A47-45CB-9D2D-890FE7A5890D}.Debug|Any CPU.Build.0 = Debug|Any CPU
		{DD68F41B-5A47-45CB-9D2D-890FE7A5890D}.Release|Any CPU.ActiveCfg = Release|Any CPU
		{DD68F41B-5A47-45CB-9D2D-890FE7A5890D}.Release|Any CPU.Build.0 = Release|Any CPU
		{6150894F-95DE-4754-BE9B-A451AEC713AB}.Debug|Any CPU.ActiveCfg = Debug|Any CPU
		{6150894F-95DE-4754-BE9B-A451AEC713AB}.Debug|Any CPU.Build.0 = Debug|Any CPU
		{6150894F-95DE-4754-BE9B-A451AEC713AB}.Release|Any CPU.ActiveCfg = Release|Any CPU
		{6150894F-95DE-4754-BE9B-A451AEC713AB}.Release|Any CPU.Build.0 = Release|Any CPU
		{A4BF7226-8B2E-4DF1-998A-6FA58DAC62E6}.Debug|Any CPU.ActiveCfg = Debug|Any CPU
		{A4BF7226-8B2E-4DF1-998A-6FA58DAC62E6}.Debug|Any CPU.Build.0 = Debug|Any CPU
		{A4BF7226-8B2E-4DF1-998A-6FA58DAC62E6}.Release|Any CPU.ActiveCfg = Release|Any CPU
		{A4BF7226-8B2E-4DF1-998A-6FA58DAC62E6}.Release|Any CPU.Build.0 = Release|Any CPU
		{3810178D-814F-4AFF-B1DD-4D4DE6697808}.Debug|Any CPU.ActiveCfg = Debug|Any CPU
		{3810178D-814F-4AFF-B1DD-4D4DE6697808}.Debug|Any CPU.Build.0 = Debug|Any CPU
		{3810178D-814F-4AFF-B1DD-4D4DE6697808}.Release|Any CPU.ActiveCfg = Release|Any CPU
		{3810178D-814F-4AFF-B1DD-4D4DE6697808}.Release|Any CPU.Build.0 = Release|Any CPU
		{66D6F3BF-CA3D-4833-B943-03A813661990}.Debug|Any CPU.ActiveCfg = Debug|Any CPU
		{66D6F3BF-CA3D-4833-B943-03A813661990}.Debug|Any CPU.Build.0 = Debug|Any CPU
		{66D6F3BF-CA3D-4833-B943-03A813661990}.Release|Any CPU.ActiveCfg = Release|Any CPU
		{66D6F3BF-CA3D-4833-B943-03A813661990}.Release|Any CPU.Build.0 = Release|Any CPU
		{F07A1A50-1C88-4D51-A440-35F240F04522}.Debug|Any CPU.ActiveCfg = Debug|Any CPU
		{F07A1A50-1C88-4D51-A440-35F240F04522}.Debug|Any CPU.Build.0 = Debug|Any CPU
		{F07A1A50-1C88-4D51-A440-35F240F04522}.Release|Any CPU.ActiveCfg = Release|Any CPU
		{F07A1A50-1C88-4D51-A440-35F240F04522}.Release|Any CPU.Build.0 = Release|Any CPU
	EndGlobalSection
	GlobalSection(SolutionProperties) = preSolution
		HideSolutionNode = FALSE
	EndGlobalSection
	GlobalSection(NestedProjects) = preSolution
		{B4F63BE0-4190-463B-84A9-647EEDF08B75} = {C1DA1548-FE6A-4A5C-A855-FEF10D37EA77}
		{16449E0C-A95D-442E-AC17-DE79DE3DAE58} = {C1DA1548-FE6A-4A5C-A855-FEF10D37EA77}
		{63211402-9145-4515-8904-31318DBDB2D0} = {C1DA1548-FE6A-4A5C-A855-FEF10D37EA77}
		{6896795A-7BB2-4D5E-820D-54EF3E4D9FAD} = {C1DA1548-FE6A-4A5C-A855-FEF10D37EA77}
		{671F6F1D-9824-47EF-ACD5-2FE664F5D753} = {B4F63BE0-4190-463B-84A9-647EEDF08B75}
		{0A704A8B-60F0-44A7-9521-DDAE2E4B060C} = {63211402-9145-4515-8904-31318DBDB2D0}
		{11D98C40-395E-44AE-B513-7ADF30034AFF} = {16449E0C-A95D-442E-AC17-DE79DE3DAE58}
		{FDA5B5D0-8607-41D1-821F-F47D10D1DBC6} = {6896795A-7BB2-4D5E-820D-54EF3E4D9FAD}
		{C39DE704-F4C6-4905-A726-D455DA58F6D9} = {16449E0C-A95D-442E-AC17-DE79DE3DAE58}
		{C24D6CE8-A6F4-4946-800F-F6C82646AF68} = {16449E0C-A95D-442E-AC17-DE79DE3DAE58}
		{2AE1816F-B6F5-469D-A5A7-050A5FBB2C6B} = {C39DE704-F4C6-4905-A726-D455DA58F6D9}
		{00F6C9B8-4AD0-41C3-8409-5B039216E982} = {F7ADEA42-10E9-4516-A2AA-1EE308D98193}
		{DD68F41B-5A47-45CB-9D2D-890FE7A5890D} = {F7ADEA42-10E9-4516-A2AA-1EE308D98193}
		{6150894F-95DE-4754-BE9B-A451AEC713AB} = {11D98C40-395E-44AE-B513-7ADF30034AFF}
		{A4BF7226-8B2E-4DF1-998A-6FA58DAC62E6} = {F7ADEA42-10E9-4516-A2AA-1EE308D98193}
		{3810178D-814F-4AFF-B1DD-4D4DE6697808} = {C24D6CE8-A6F4-4946-800F-F6C82646AF68}
		{B09F99D9-EDEE-4CDB-9A4F-C602E4B550F9} = {16449E0C-A95D-442E-AC17-DE79DE3DAE58}
		{66D6F3BF-CA3D-4833-B943-03A813661990} = {B09F99D9-EDEE-4CDB-9A4F-C602E4B550F9}
		{65A54358-7C69-4745-8F92-293E225BC0A6} = {C1DA1548-FE6A-4A5C-A855-FEF10D37EA77}
		{F07A1A50-1C88-4D51-A440-35F240F04522} = {65A54358-7C69-4745-8F92-293E225BC0A6}
	EndGlobalSection
	GlobalSection(ExtensibilityGlobals) = postSolution
		SolutionGuid = {188B8AFA-38C1-4240-B89B-24306E0EAD5A}
	EndGlobalSection
EndGlobal
